Microsoft Visual Studio Solution File, Format Version 12.00
# Visual Studio Version 16
VisualStudioVersion = 16.0.30523.141
MinimumVisualStudioVersion = 10.0.40219.1
Project("{2150E333-8FDC-42A3-9474-1A3956D46DE8}") = "src", "src", "{45B3AE0E-8538-4706-AFF4-03A6C805EDFA}"
EndProject
Project("{9A19103F-16F7-4668-BE54-9A1E7A4F7556}") = "Neuroglia.CloudEvents", "src\Neuroglia.CloudEvents\Neuroglia.CloudEvents.csproj", "{FD6C5B1E-98A8-4B24-BC4C-D3A536AEC8C0}"
EndProject
Global
	GlobalSection(SolutionConfigurationPlatforms) = preSolution
		Debug|Any CPU = Debug|Any CPU
		Release|Any CPU = Release|Any CPU
	EndGlobalSection
	GlobalSection(ProjectConfigurationPlatforms) = postSolution
		{FD6C5B1E-98A8-4B24-BC4C-D3A536AEC8C0}.Debug|Any CPU.ActiveCfg = Debug|Any CPU
		{FD6C5B1E-98A8-4B24-BC4C-D3A536AEC8C0}.Debug|Any CPU.Build.0 = Debug|Any CPU
		{FD6C5B1E-98A8-4B24-BC4C-D3A536AEC8C0}.Release|Any CPU.ActiveCfg = Release|Any CPU
		{FD6C5B1E-98A8-4B24-BC4C-D3A536AEC8C0}.Release|Any CPU.Build.0 = Release|Any CPU
	EndGlobalSection
	GlobalSection(SolutionProperties) = preSolution
		HideSolutionNode = FALSE
	EndGlobalSection
	GlobalSection(NestedProjects) = preSolution
		{FD6C5B1E-98A8-4B24-BC4C-D3A536AEC8C0} = {45B3AE0E-8538-4706-AFF4-03A6C805EDFA}
	EndGlobalSection
	GlobalSection(ExtensibilityGlobals) = postSolution
		SolutionGuid = {BCBE9ECB-1A68-4D89-972C-E8E7E3BDFF79}
	EndGlobalSection
EndGlobal
